Microsoft Visual Studio Solution File, Format Version 12.00
# Visual Studio Version 17
VisualStudioVersion = 17.5.2.0
MinimumVisualStudioVersion = 10.0.40219.1
Project("{FAE04EC0-301F-11D3-BF4B-00C04F79EFBC}") = "PipelineDocAuditor", "PipelineDocAuditor.csproj", "{472ECCB1-51ED-8263-FE36-6B20F988123B}"
EndProject
Global
	GlobalSection(SolutionConfigurationPlatforms) = preSolution
		Debug|Any CPU = Debug|Any CPU
		Release|Any CPU = Release|Any CPU
	EndGlobalSection
	GlobalSection(ProjectConfigurationPlatforms) = postSolution
		{472ECCB1-51ED-8263-FE36-6B20F988123B}.Debug|Any CPU.ActiveCfg = Debug|Any CPU
		{472ECCB1-51ED-8263-FE36-6B20F988123B}.Debug|Any CPU.Build.0 = Debug|Any CPU
		{472ECCB1-51ED-8263-FE36-6B20F988123B}.Release|Any CPU.ActiveCfg = Release|Any CPU
		{472ECCB1-51ED-8263-FE36-6B20F988123B}.Release|Any CPU.Build.0 = Release|Any CPU
	EndGlobalSection
	GlobalSection(SolutionProperties) = preSolution
		HideSolutionNode = FALSE
	EndGlobalSection
	GlobalSection(ExtensibilityGlobals) = postSolution
		SolutionGuid = {15D19BCE-E999-44BF-97EE-5EE2A591738F}
	EndGlobalSection
EndGlobal
